
Microsoft Visual Studio Solution File, Format Version 12.00
# Visual Studio Version 17
VisualStudioVersion = 17.6.33829.357
MinimumVisualStudioVersion = 10.0.40219.1
Project("{9A19103F-16F7-4668-BE54-9A1E7A4F7556}") = "MicroservicesDemo.Api", "MicroservicesDemo.Api\MicroservicesDemo.Api.csproj", "{F9108EA1-0237-47AE-809F-85FBC2126102}"
EndProject
Project("{2150E333-8FDC-42A3-9474-1A3956D46DE8}") = "docs", "docs", "{98552DCD-0E72-4D84-8960-6AEDA4B30AFA}"
EndProject
Project("{2150E333-8FDC-42A3-9474-1A3956D46DE8}") = "src", "src", "{A270EA06-9501-4FC7-85D8-8714AA5B80A1}"
EndProject
Project("{2150E333-8FDC-42A3-9474-1A3956D46DE8}") = "tests", "tests", "{BAEE5A07-7088-4AE1-805C-D536FD0014C5}"
EndProject
Project("{2150E333-8FDC-42A3-9474-1A3956D46DE8}") = "api", "api", "{DAEB02BC-EE0B-4B32-BCB9-4EA9D497D619}"
EndProject
Project("{2150E333-8FDC-42A3-9474-1A3956D46DE8}") = "core", "core", "{EEDA620B-FFC6-4FC0-A92E-6B7D7AB4BCE4}"
EndProject
Project("{2150E333-8FDC-42A3-9474-1A3956D46DE8}") = "infrastructure", "infrastructure", "{6642A295-CFA6-4D9C-BE4C-A43C721EDEFF}"
EndProject
Project("{9A19103F-16F7-4668-BE54-9A1E7A4F7556}") = "MicroservicesDemo.Domain", "MicroservicesDemo.Domain\MicroservicesDemo.Domain.csproj", "{BFAEE49B-2B24-47BF-B04F-026397463068}"
EndProject
Project("{9A19103F-16F7-4668-BE54-9A1E7A4F7556}") = "MicroservicesDemo.Application", "MicroservicesDemo.Application\MicroservicesDemo.Application.csproj", "{82DA1B95-78E5-4A69-B0DA-A0281164168B}"
EndProject
Project("{9A19103F-16F7-4668-BE54-9A1E7A4F7556}") = "MicroservicesDemo.Infrastructure", "MicroservicesDemo.Infrastructure\MicroservicesDemo.Infrastructure.csproj", "{6A355F5A-A98F-45F3-A838-22B26DEBA242}"
EndProject
Project("{2150E333-8FDC-42A3-9474-1A3956D46DE8}") = "gateway", "gateway", "{D1D637B9-869E-4E42-9884-5FDB4BE3CF31}"
EndProject
Project("{9A19103F-16F7-4668-BE54-9A1E7A4F7556}") = "MicroservicesDemo.Gateway", "MicroservicesDemo.Gateway\MicroservicesDemo.Gateway.csproj", "{987C40C1-5685-41CB-B72A-F9F2C4D65AD5}"
EndProject
Project("{2150E333-8FDC-42A3-9474-1A3956D46DE8}") = "UsersMicroservice", "UsersMicroservice", "{6C3CC530-0991-42ED-943E-577E0CAD94D8}"
EndProject
Project("{2150E333-8FDC-42A3-9474-1A3956D46DE8}") = "Gateway", "Gateway", "{F6E5726F-566B-4706-8422-284B6D65FEA1}"
EndProject
Project("{2150E333-8FDC-42A3-9474-1A3956D46DE8}") = "EmailMicroservice", "EmailMicroservice", "{7A92C481-E061-4269-BFF5-5278D3818601}"
EndProject
Project("{FAE04EC0-301F-11D3-BF4B-00C04F79EFBC}") = "MicroservicesDemo.Email", "MicroservicesDemo.Email\MicroservicesDemo.Email.csproj", "{1C5464EA-08B5-412B-9B89-EA48C7435975}"
EndProject
Global
	GlobalSection(SolutionConfigurationPlatforms) = preSolution
		Debug|Any CPU = Debug|Any CPU
		Release|Any CPU = Release|Any CPU
	EndGlobalSection
	GlobalSection(ProjectConfigurationPlatforms) = postSolution
		{F9108EA1-0237-47AE-809F-85FBC2126102}.Debug|Any CPU.ActiveCfg = Debug|Any CPU
		{F9108EA1-0237-47AE-809F-85FBC2126102}.Debug|Any CPU.Build.0 = Debug|Any CPU
		{F9108EA1-0237-47AE-809F-85FBC2126102}.Release|Any CPU.ActiveCfg = Release|Any CPU
		{F9108EA1-0237-47AE-809F-85FBC2126102}.Release|Any CPU.Build.0 = Release|Any CPU
		{BFAEE49B-2B24-47BF-B04F-026397463068}.Debug|Any CPU.ActiveCfg = Debug|Any CPU
		{BFAEE49B-2B24-47BF-B04F-026397463068}.Debug|Any CPU.Build.0 = Debug|Any CPU
		{BFAEE49B-2B24-47BF-B04F-026397463068}.Release|Any CPU.ActiveCfg = Release|Any CPU
		{BFAEE49B-2B24-47BF-B04F-026397463068}.Release|Any CPU.Build.0 = Release|Any CPU
		{82DA1B95-78E5-4A69-B0DA-A0281164168B}.Debug|Any CPU.ActiveCfg = Debug|Any CPU
		{82DA1B95-78E5-4A69-B0DA-A0281164168B}.Debug|Any CPU.Build.0 = Debug|Any CPU
		{82DA1B95-78E5-4A69-B0DA-A0281164168B}.Release|Any CPU.ActiveCfg = Release|Any CPU
		{82DA1B95-78E5-4A69-B0DA-A0281164168B}.Release|Any CPU.Build.0 = Release|Any CPU
		{6A355F5A-A98F-45F3-A838-22B26DEBA242}.Debug|Any CPU.ActiveCfg = Debug|Any CPU
		{6A355F5A-A98F-45F3-A838-22B26DEBA242}.Debug|Any CPU.Build.0 = Debug|Any CPU
		{6A355F5A-A98F-45F3-A838-22B26DEBA242}.Release|Any CPU.ActiveCfg = Release|Any CPU
		{6A355F5A-A98F-45F3-A838-22B26DEBA242}.Release|Any CPU.Build.0 = Release|Any CPU
		{987C40C1-5685-41CB-B72A-F9F2C4D65AD5}.Debug|Any CPU.ActiveCfg = Debug|Any CPU
		{987C40C1-5685-41CB-B72A-F9F2C4D65AD5}.Debug|Any CPU.Build.0 = Debug|Any CPU
		{987C40C1-5685-41CB-B72A-F9F2C4D65AD5}.Release|Any CPU.ActiveCfg = Release|Any CPU
		{987C40C1-5685-41CB-B72A-F9F2C4D65AD5}.Release|Any CPU.Build.0 = Release|Any CPU
		{1C5464EA-08B5-412B-9B89-EA48C7435975}.Debug|Any CPU.ActiveCfg = Debug|Any CPU
		{1C5464EA-08B5-412B-9B89-EA48C7435975}.Debug|Any CPU.Build.0 = Debug|Any CPU
		{1C5464EA-08B5-412B-9B89-EA48C7435975}.Release|Any CPU.ActiveCfg = Release|Any CPU
		{1C5464EA-08B5-412B-9B89-EA48C7435975}.Release|Any CPU.Build.0 = Release|Any CPU
	EndGlobalSection
	GlobalSection(SolutionProperties) = preSolution
		HideSolutionNode = FALSE
	EndGlobalSection
	GlobalSection(NestedProjects) = preSolution
		{F9108EA1-0237-47AE-809F-85FBC2126102} = {DAEB02BC-EE0B-4B32-BCB9-4EA9D497D619}
		{98552DCD-0E72-4D84-8960-6AEDA4B30AFA} = {6C3CC530-0991-42ED-943E-577E0CAD94D8}
		{A270EA06-9501-4FC7-85D8-8714AA5B80A1} = {6C3CC530-0991-42ED-943E-577E0CAD94D8}
		{BAEE5A07-7088-4AE1-805C-D536FD0014C5} = {6C3CC530-0991-42ED-943E-577E0CAD94D8}
		{DAEB02BC-EE0B-4B32-BCB9-4EA9D497D619} = {A270EA06-9501-4FC7-85D8-8714AA5B80A1}
		{EEDA620B-FFC6-4FC0-A92E-6B7D7AB4BCE4} = {A270EA06-9501-4FC7-85D8-8714AA5B80A1}
		{6642A295-CFA6-4D9C-BE4C-A43C721EDEFF} = {A270EA06-9501-4FC7-85D8-8714AA5B80A1}
		{BFAEE49B-2B24-47BF-B04F-026397463068} = {EEDA620B-FFC6-4FC0-A92E-6B7D7AB4BCE4}
		{82DA1B95-78E5-4A69-B0DA-A0281164168B} = {EEDA620B-FFC6-4FC0-A92E-6B7D7AB4BCE4}
		{6A355F5A-A98F-45F3-A838-22B26DEBA242} = {6642A295-CFA6-4D9C-BE4C-A43C721EDEFF}
		{D1D637B9-869E-4E42-9884-5FDB4BE3CF31} = {F6E5726F-566B-4706-8422-284B6D65FEA1}
		{987C40C1-5685-41CB-B72A-F9F2C4D65AD5} = {D1D637B9-869E-4E42-9884-5FDB4BE3CF31}
		{1C5464EA-08B5-412B-9B89-EA48C7435975} = {7A92C481-E061-4269-BFF5-5278D3818601}
	EndGlobalSection
	GlobalSection(ExtensibilityGlobals) = postSolution
		SolutionGuid = {7D5E9D87-FA17-4A6D-9C1F-FB26CF7F6E12}
	EndGlobalSection
EndGlobal
